
Microsoft Visual Studio Solution File, Format Version 12.00
# Visual Studio 15
VisualStudioVersion = 15.0.27130.2036
MinimumVisualStudioVersion = 10.0.40219.1
Project("{8BC9CEB8-8B4A-11D0-8D11-00A0C91BC942}") = "GomokuAI_ABPruning", "GomokuAI_ABPruning\GomokuAI_ABPruning.vcxproj", "{F88EFE61-355D-4B46-BE00-4F7F28E26F2D}"
EndProject
Global
	GlobalSection(SolutionConfigurationPlatforms) = preSolution
		Debug|x64 = Debug|x64
		Debug|x86 = Debug|x86
		Release|x64 = Release|x64
		Release|x86 = Release|x86
	EndGlobalSection
	GlobalSection(ProjectConfigurationPlatforms) = postSolution
		{F88EFE61-355D-4B46-BE00-4F7F28E26F2D}.Debug|x64.ActiveCfg = Debug|x64
		{F88EFE61-355D-4B46-BE00-4F7F28E26F2D}.Debug|x64.Build.0 = Debug|x64
		{F88EFE61-355D-4B46-BE00-4F7F28E26F2D}.Debug|x86.ActiveCfg = Debug|Win32
		{F88EFE61-355D-4B46-BE00-4F7F28E26F2D}.Debug|x86.Build.0 = Debug|Win32
		{F88EFE61-355D-4B46-BE00-4F7F28E26F2D}.Release|x64.ActiveCfg = Release|x64
		{F88EFE61-355D-4B46-BE00-4F7F28E26F2D}.Release|x64.Build.0 = Release|x64
		{F88EFE61-355D-4B46-BE00-4F7F28E26F2D}.Release|x86.ActiveCfg = Release|Win32
		{F88EFE61-355D-4B46-BE00-4F7F28E26F2D}.Release|x86.Build.0 = Release|Win32
	EndGlobalSection
	GlobalSection(SolutionProperties) = preSolution
		HideSolutionNode = FALSE
	EndGlobalSection
	GlobalSection(ExtensibilityGlobals) = postSolution
		SolutionGuid = {17C012AF-EE7F-483F-82DA-AA7A8FB7B07D}
	EndGlobalSection
EndGlobal
